{
  "name": "Nodejs",
  "lockfileVersion": 3,
  "requires": true,
  "packages": {
    "": {
      "dependencies": {
        "text-is-upper-case": "^1.0.2"
      }
    },
    "node_modules/text-is-upper-case": {
      "version": "1.0.2",
      "resolved": "https://registry.npmjs.org/text-is-upper-case/-/text-is-upper-case-1.0.2.tgz",
      "integrity": "sha512-mv0GH/4c0CpA8/wXyP2DWV98btTSkh0Hh96xtM/rK1D9FLcb4yy0OnZFfatTXuEMUJlxyXdM/Tt89PjWHLDafg==",
      "license": "MIT"
    }
  }
}
